// !$*UTF8*$!
{
	archiveVersion = 1;
	classes = {
	};
	objectVersion = 56;
	objects = {

/* Begin PBXBuildFile section */
		120B99CF2C1917B80018C012 /* TasklyList.swift in Sources */ = {isa = PBXBuildFile; fileRef = 120B99CE2C1917B80018C012 /* TasklyList.swift */; };
		1225601C2C150D70007D72A6 /* TasklyApp.swift in Sources */ = {isa = PBXBuildFile; fileRef = 1225601B2C150D70007D72A6 /* TasklyApp.swift */; };
		122560202C150D71007D72A6 /* Assets.xcassets in Resources */ = {isa = PBXBuildFile; fileRef = 1225601F2C150D71007D72A6 /* Assets.xcassets */; };
		122560232C150D71007D72A6 /* Preview Assets.xcassets in Resources */ = {isa = PBXBuildFile; fileRef = 122560222C150D71007D72A6 /* Preview Assets.xcassets */; };
		1225602F2C150DD3007D72A6 /* TasklyHomePage.swift in Sources */ = {isa = PBXBuildFile; fileRef = 1225602E2C150DD3007D72A6 /* TasklyHomePage.swift */; };
		122560322C150F13007D72A6 /* Color+Extension.swift in Sources */ = {isa = PBXBuildFile; fileRef = 122560312C150F13007D72A6 /* Color+Extension.swift */; };
		122560352C1512CB007D72A6 /* TasklyLogo.swift in Sources */ = {isa = PBXBuildFile; fileRef = 122560342C1512CB007D72A6 /* TasklyLogo.swift */; };
		122560372C15281F007D72A6 /* TasklySearchBar.swift in Sources */ = {isa = PBXBuildFile; fileRef = 122560362C15281F007D72A6 /* TasklySearchBar.swift */; };
		122560392C1647C6007D72A6 /* TasklyViewModel.swift in Sources */ = {isa = PBXBuildFile; fileRef = 122560382C1647C6007D72A6 /* TasklyViewModel.swift */; };
		1225603B2C16540B007D72A6 /* TasklyLogoSection.swift in Sources */ = {isa = PBXBuildFile; fileRef = 1225603A2C16540B007D72A6 /* TasklyLogoSection.swift */; };
		1225603D2C16572F007D72A6 /* TasklyFilter.swift in Sources */ = {isa = PBXBuildFile; fileRef = 1225603C2C16572F007D72A6 /* TasklyFilter.swift */; };
		1225603F2C165928007D72A6 /* TasklySingleFilterButton.swift in Sources */ = {isa = PBXBuildFile; fileRef = 1225603E2C165928007D72A6 /* TasklySingleFilterButton.swift */; };
		122560412C165FAD007D72A6 /* TasklyLeftTitle.swift in Sources */ = {isa = PBXBuildFile; fileRef = 122560402C165FAD007D72A6 /* TasklyLeftTitle.swift */; };
		122560432C166C6D007D72A6 /* TasklyCreateTask.swift in Sources */ = {isa = PBXBuildFile; fileRef = 122560422C166C6D007D72A6 /* TasklyCreateTask.swift */; };
		122560452C166CE5007D72A6 /* TasklyNoTasks.swift in Sources */ = {isa = PBXBuildFile; fileRef = 122560442C166CE5007D72A6 /* TasklyNoTasks.swift */; };
		122560492C188A19007D72A6 /* TasklyCancelCreate.swift in Sources */ = {isa = PBXBuildFile; fileRef = 122560482C188A19007D72A6 /* TasklyCancelCreate.swift */; };
		122560502C18DEF4007D72A6 /* TasklyTasksModel.xcdatamodeld in Sources */ = {isa = PBXBuildFile; fileRef = 1225604E2C18DEF4007D72A6 /* TasklyTasksModel.xcdatamodeld */; };
		122560532C18E06A007D72A6 /* PersistenceController.swift in Sources */ = {isa = PBXBuildFile; fileRef = 122560522C18E06A007D72A6 /* PersistenceController.swift */; };
		122560552C18E194007D72A6 /* Task.swift in Sources */ = {isa = PBXBuildFile; fileRef = 122560542C18E194007D72A6 /* Task.swift */; };
		122560572C18F654007D72A6 /* CoreDataTasklyService.swift in Sources */ = {isa = PBXBuildFile; fileRef = 122560562C18F654007D72A6 /* CoreDataTasklyService.swift */; };
/* End PBXBuildFile section */

/* Begin PBXFileReference section */
		120B99CE2C1917B80018C012 /* TasklyList.swift */ = {isa = PBXFileReference; lastKnownFileType = sourcecode.swift; path = TasklyList.swift; sourceTree = "<group>"; };
		122560182C150D70007D72A6 /* Taskly.app */ = {isa = PBXFileReference; explicitFileType = wrapper.application; includeInIndex = 0; path = Taskly.app; sourceTree = BUILT_PRODUCTS_DIR; };
		1225601B2C150D70007D72A6 /* TasklyApp.swift */ = {isa = PBXFileReference; lastKnownFileType = sourcecode.swift; path = TasklyApp.swift; sourceTree = "<group>"; };
		1225601F2C150D71007D72A6 /* Assets.xcassets */ = {isa = PBXFileReference; lastKnownFileType = folder.assetcatalog; path = Assets.xcassets; sourceTree = "<group>"; };
		122560222C150D71007D72A6 /* Preview Assets.xcassets */ = {isa = PBXFileReference; lastKnownFileType = folder.assetcatalog; path = "Preview Assets.xcassets"; sourceTree = "<group>"; };
		1225602E2C150DD3007D72A6 /* TasklyHomePage.swift */ = {isa = PBXFileReference; lastKnownFileType = sourcecode.swift; path = TasklyHomePage.swift; sourceTree = "<group>"; };
		122560312C150F13007D72A6 /* Color+Extension.swift */ = {isa = PBXFileReference; lastKnownFileType = sourcecode.swift; path = "Color+Extension.swift"; sourceTree = "<group>"; };
		122560342C1512CB007D72A6 /* TasklyLogo.swift */ = {isa = PBXFileReference; lastKnownFileType = sourcecode.swift; path = TasklyLogo.swift; sourceTree = "<group>"; };
		122560362C15281F007D72A6 /* TasklySearchBar.swift */ = {isa = PBXFileReference; lastKnownFileType = sourcecode.swift; path = TasklySearchBar.swift; sourceTree = "<group>"; };
		122560382C1647C6007D72A6 /* TasklyViewModel.swift */ = {isa = PBXFileReference; lastKnownFileType = sourcecode.swift; path = TasklyViewModel.swift; sourceTree = "<group>"; };
		1225603A2C16540B007D72A6 /* TasklyLogoSection.swift */ = {isa = PBXFileReference; lastKnownFileType = sourcecode.swift; path = TasklyLogoSection.swift; sourceTree = "<group>"; };
		1225603C2C16572F007D72A6 /* TasklyFilter.swift */ = {isa = PBXFileReference; lastKnownFileType = sourcecode.swift; path = TasklyFilter.swift; sourceTree = "<group>"; };
		1225603E2C165928007D72A6 /* TasklySingleFilterButton.swift */ = {isa = PBXFileReference; lastKnownFileType = sourcecode.swift; path = TasklySingleFilterButton.swift; sourceTree = "<group>"; };
		122560402C165FAD007D72A6 /* TasklyLeftTitle.swift */ = {isa = PBXFileReference; lastKnownFileType = sourcecode.swift; path = TasklyLeftTitle.swift; sourceTree = "<group>"; };
		122560422C166C6D007D72A6 /* TasklyCreateTask.swift */ = {isa = PBXFileReference; lastKnownFileType = sourcecode.swift; path = TasklyCreateTask.swift; sourceTree = "<group>"; };
		122560442C166CE5007D72A6 /* TasklyNoTasks.swift */ = {isa = PBXFileReference; lastKnownFileType = sourcecode.swift; path = TasklyNoTasks.swift; sourceTree = "<group>"; };
		122560482C188A19007D72A6 /* TasklyCancelCreate.swift */ = {isa = PBXFileReference; lastKnownFileType = sourcecode.swift; path = TasklyCancelCreate.swift; sourceTree = "<group>"; };
		1225604F2C18DEF4007D72A6 /* TasklyTasksModel.xcdatamodel */ = {isa = PBXFileReference; lastKnownFileType = wrapper.xcdatamodel; path = TasklyTasksModel.xcdatamodel; sourceTree = "<group>"; };
		122560522C18E06A007D72A6 /* PersistenceController.swift */ = {isa = PBXFileReference; lastKnownFileType = sourcecode.swift; path = PersistenceController.swift; sourceTree = "<group>"; };
		122560542C18E194007D72A6 /* Task.swift */ = {isa = PBXFileReference; lastKnownFileType = sourcecode.swift; path = Task.swift; sourceTree = "<group>"; };
		122560562C18F654007D72A6 /* CoreDataTasklyService.swift */ = {isa = PBXFileReference; lastKnownFileType = sourcecode.swift; path = CoreDataTasklyService.swift; sourceTree = "<group>"; };
/* End PBXFileReference section */

/* Begin PBXFrameworksBuildPhase section */
		122560152C150D70007D72A6 /* Frameworks */ = {
			isa = PBXFrameworksBuildPhase;
			buildActionMask = 2147483647;
			files = (
			);
			runOnlyForDeploymentPostprocessing = 0;
		};
/* End PBXFrameworksBuildPhase section */

/* Begin PBXGroup section */
		1225600F2C150D70007D72A6 = {
			isa = PBXGroup;
			children = (
				1225601A2C150D70007D72A6 /* Taskly */,
				122560192C150D70007D72A6 /* Products */,
			);
			sourceTree = "<group>";
		};
		122560192C150D70007D72A6 /* Products */ = {
			isa = PBXGroup;
			children = (
				122560182C150D70007D72A6 /* Taskly.app */,
			);
			name = Products;
			sourceTree = "<group>";
		};
		1225601A2C150D70007D72A6 /* Taskly */ = {
			isa = PBXGroup;
			children = (
				1225604D2C18DED5007D72A6 /* CoreDataStack */,
				1225604C2C18DED0007D72A6 /* Models */,
				122560302C150EE1007D72A6 /* Extensions */,
				1225602B2C150D9C007D72A6 /* Views */,
				122560292C150D89007D72A6 /* ViewModels */,
				1225601B2C150D70007D72A6 /* TasklyApp.swift */,
				1225601F2C150D71007D72A6 /* Assets.xcassets */,
				122560212C150D71007D72A6 /* Preview Content */,
			);
			path = Taskly;
			sourceTree = "<group>";
		};
		122560212C150D71007D72A6 /* Preview Content */ = {
			isa = PBXGroup;
			children = (
				122560222C150D71007D72A6 /* Preview Assets.xcassets */,
			);
			path = "Preview Content";
			sourceTree = "<group>";
		};
		122560292C150D89007D72A6 /* ViewModels */ = {
			isa = PBXGroup;
			children = (
				122560382C1647C6007D72A6 /* TasklyViewModel.swift */,
			);
			path = ViewModels;
			sourceTree = "<group>";
		};
		1225602B2C150D9C007D72A6 /* Views */ = {
			isa = PBXGroup;
			children = (
				122560332C1512B9007D72A6 /* CustomViews */,
				122560422C166C6D007D72A6 /* TasklyCreateTask.swift */,
				1225602E2C150DD3007D72A6 /* TasklyHomePage.swift */,
			);
			path = Views;
			sourceTree = "<group>";
		};
		122560302C150EE1007D72A6 /* Extensions */ = {
			isa = PBXGroup;
			children = (
				122560312C150F13007D72A6 /* Color+Extension.swift */,
			);
			path = Extensions;
			sourceTree = "<group>";
		};
		122560332C1512B9007D72A6 /* CustomViews */ = {
			isa = PBXGroup;
			children = (
				122560342C1512CB007D72A6 /* TasklyLogo.swift */,
				122560362C15281F007D72A6 /* TasklySearchBar.swift */,
				1225603A2C16540B007D72A6 /* TasklyLogoSection.swift */,
				1225603C2C16572F007D72A6 /* TasklyFilter.swift */,
				1225603E2C165928007D72A6 /* TasklySingleFilterButton.swift */,
				122560402C165FAD007D72A6 /* TasklyLeftTitle.swift */,
				122560442C166CE5007D72A6 /* TasklyNoTasks.swift */,
				122560482C188A19007D72A6 /* TasklyCancelCreate.swift */,
				120B99CE2C1917B80018C012 /* TasklyList.swift */,
			);
			path = CustomViews;
			sourceTree = "<group>";
		};
		1225604C2C18DED0007D72A6 /* Models */ = {
			isa = PBXGroup;
			children = (
				122560542C18E194007D72A6 /* Task.swift */,
			);
			path = Models;
			sourceTree = "<group>";
		};
		1225604D2C18DED5007D72A6 /* CoreDataStack */ = {
			isa = PBXGroup;
			children = (
				122560512C18DF58007D72A6 /* CoreDataTaskModel */,
				122560522C18E06A007D72A6 /* PersistenceController.swift */,
				122560562C18F654007D72A6 /* CoreDataTasklyService.swift */,
			);
			path = CoreDataStack;
			sourceTree = "<group>";
		};
		122560512C18DF58007D72A6 /* CoreDataTaskModel */ = {
			isa = PBXGroup;
			children = (
				1225604E2C18DEF4007D72A6 /* TasklyTasksModel.xcdatamodeld */,
			);
			path = CoreDataTaskModel;
			sourceTree = "<group>";
		};
/* End PBXGroup section */

/* Begin PBXNativeTarget section */
		122560172C150D70007D72A6 /* Taskly */ = {
			isa = PBXNativeTarget;
			buildConfigurationList = 122560262C150D71007D72A6 /* Build configuration list for PBXNativeTarget "Taskly" */;
			buildPhases = (
				122560142C150D70007D72A6 /* Sources */,
				122560152C150D70007D72A6 /* Frameworks */,
				122560162C150D70007D72A6 /* Resources */,
			);
			buildRules = (
			);
			dependencies = (
			);
			name = Taskly;
			packageProductDependencies = (
			);
			productName = Taskly;
			productReference = 122560182C150D70007D72A6 /* Taskly.app */;
			productType = "com.apple.product-type.application";
		};
/* End PBXNativeTarget section */

/* Begin PBXProject section */
		122560102C150D70007D72A6 /* Project object */ = {
			isa = PBXProject;
			attributes = {
				BuildIndependentTargetsInParallel = 1;
				LastSwiftUpdateCheck = 1530;
				LastUpgradeCheck = 1530;
				TargetAttributes = {
					122560172C150D70007D72A6 = {
						CreatedOnToolsVersion = 15.3;
					};
				};
			};
			buildConfigurationList = 122560132C150D70007D72A6 /* Build configuration list for PBXProject "Taskly" */;
			compatibilityVersion = "Xcode 14.0";
			developmentRegion = en;
			hasScannedForEncodings = 0;
			knownRegions = (
				en,
				Base,
			);
			mainGroup = 1225600F2C150D70007D72A6;
			packageReferences = (
			);
			productRefGroup = 122560192C150D70007D72A6 /* Products */;
			projectDirPath = "";
			projectRoot = "";
			targets = (
				122560172C150D70007D72A6 /* Taskly */,
			);
		};
/* End PBXProject section */

/* Begin PBXResourcesBuildPhase section */
		122560162C150D70007D72A6 /* Resources */ = {
			isa = PBXResourcesBuildPhase;
			buildActionMask = 2147483647;
			files = (
				122560232C150D71007D72A6 /* Preview Assets.xcassets in Resources */,
				122560202C150D71007D72A6 /* Assets.xcassets in Resources */,
			);
			runOnlyForDeploymentPostprocessing = 0;
		};
/* End PBXResourcesBuildPhase section */

/* Begin PBXSourcesBuildPhase section */
		122560142C150D70007D72A6 /* Sources */ = {
			isa = PBXSourcesBuildPhase;
			buildActionMask = 2147483647;
			files = (
				122560502C18DEF4007D72A6 /* TasklyTasksModel.xcdatamodeld in Sources */,
				122560492C188A19007D72A6 /* TasklyCancelCreate.swift in Sources */,
				122560372C15281F007D72A6 /* TasklySearchBar.swift in Sources */,
				122560452C166CE5007D72A6 /* TasklyNoTasks.swift in Sources */,
				122560352C1512CB007D72A6 /* TasklyLogo.swift in Sources */,
				122560392C1647C6007D72A6 /* TasklyViewModel.swift in Sources */,
				1225603D2C16572F007D72A6 /* TasklyFilter.swift in Sources */,
				1225603F2C165928007D72A6 /* TasklySingleFilterButton.swift in Sources */,
				122560432C166C6D007D72A6 /* TasklyCreateTask.swift in Sources */,
				122560412C165FAD007D72A6 /* TasklyLeftTitle.swift in Sources */,
				1225602F2C150DD3007D72A6 /* TasklyHomePage.swift in Sources */,
				120B99CF2C1917B80018C012 /* TasklyList.swift in Sources */,
				122560322C150F13007D72A6 /* Color+Extension.swift in Sources */,
				1225603B2C16540B007D72A6 /* TasklyLogoSection.swift in Sources */,
				1225601C2C150D70007D72A6 /* TasklyApp.swift in Sources */,
				122560572C18F654007D72A6 /* CoreDataTasklyService.swift in Sources */,
				122560552C18E194007D72A6 /* Task.swift in Sources */,
				122560532C18E06A007D72A6 /* PersistenceController.swift in Sources */,
			);
			runOnlyForDeploymentPostprocessing = 0;
		};
/* End PBXSourcesBuildPhase section */

/* Begin XCBuildConfiguration section */
		122560242C150D71007D72A6 /* Debug */ = {
			isa = XCBuildConfiguration;
			buildSettings = {
				ALWAYS_SEARCH_USER_PATHS = NO;
				ASSETCATALOG_COMPILER_GENERATE_SWIFT_ASSET_SYMBOL_EXTENSIONS = YES;
				CLANG_ANALYZER_NONNULL = YES;
				CLANG_ANALYZER_NUMBER_OBJECT_CONVERSION = YES_AGGRESSIVE;
				CLANG_CXX_LANGUAGE_STANDARD = "gnu++20";
				CLANG_ENABLE_MODULES = YES;
				CLANG_ENABLE_OBJC_ARC = YES;
				CLANG_ENABLE_OBJC_WEAK = YES;
				CLANG_WARN_BLOCK_CAPTURE_AUTORELEASING = YES;
				CLANG_WARN_BOOL_CONVERSION = YES;
				CLANG_WARN_COMMA = YES;
				CLANG_WARN_CONSTANT_CONVERSION = YES;
				CLANG_WARN_DEPRECATED_OBJC_IMPLEMENTATIONS = YES;
				CLANG_WARN_DIRECT_OBJC_ISA_USAGE = YES_ERROR;
				CLANG_WARN_DOCUMENTATION_COMMENTS = YES;
				CLANG_WARN_EMPTY_BODY = YES;
				CLANG_WARN_ENUM_CONVERSION = YES;
				CLANG_WARN_INFINITE_RECURSION = YES;
				CLANG_WARN_INT_CONVERSION = YES;
				CLANG_WARN_NON_LITERAL_NULL_CONVERSION = YES;
				CLANG_WARN_OBJC_IMPLICIT_RETAIN_SELF = YES;
				CLANG_WARN_OBJC_LITERAL_CONVERSION = YES;
				CLANG_WARN_OBJC_ROOT_CLASS = YES_ERROR;
				CLANG_WARN_QUOTED_INCLUDE_IN_FRAMEWORK_HEADER = YES;
				CLANG_WARN_RANGE_LOOP_ANALYSIS = YES;
				CLANG_WARN_STRICT_PROTOTYPES = YES;
				CLANG_WARN_SUSPICIOUS_MOVE = YES;
				CLANG_WARN_UNGUARDED_AVAILABILITY = YES_AGGRESSIVE;
				CLANG_WARN_UNREACHABLE_CODE = YES;
				CLANG_WARN__DUPLICATE_METHOD_MATCH = YES;
				COPY_PHASE_STRIP = NO;
				DEBUG_INFORMATION_FORMAT = dwarf;
				ENABLE_STRICT_OBJC_MSGSEND = YES;
				ENABLE_TESTABILITY = YES;
				ENABLE_USER_SCRIPT_SANDBOXING = YES;
				GCC_C_LANGUAGE_STANDARD = gnu17;
				GCC_DYNAMIC_NO_PIC = NO;
				GCC_NO_COMMON_BLOCKS = YES;
				GCC_OPTIMIZATION_LEVEL = 0;
				GCC_PREPROCESSOR_DEFINITIONS = (
					"DEBUG=1",
					"$(inherited)",
				);
				GCC_WARN_64_TO_32_BIT_CONVERSION = YES;
				GCC_WARN_ABOUT_RETURN_TYPE = YES_ERROR;
				GCC_WARN_UNDECLARED_SELECTOR = YES;
				GCC_WARN_UNINITIALIZED_AUTOS = YES_AGGRESSIVE;
				GCC_WARN_UNUSED_FUNCTION = YES;
				GCC_WARN_UNUSED_VARIABLE = YES;
				IPHONEOS_DEPLOYMENT_TARGET = 17.4;
				LOCALIZATION_PREFERS_STRING_CATALOGS = YES;
				MTL_ENABLE_DEBUG_INFO = INCLUDE_SOURCE;
				MTL_FAST_MATH = YES;
				ONLY_ACTIVE_ARCH = YES;
				SDKROOT = iphoneos;
				SWIFT_ACTIVE_COMPILATION_CONDITIONS = "DEBUG $(inherited)";
				SWIFT_OPTIMIZATION_LEVEL = "-Onone";
			};
			name = Debug;
		};
		122560252C150D71007D72A6 /* Release */ = {
			isa = XCBuildConfiguration;
			buildSettings = {
				ALWAYS_SEARCH_USER_PATHS = NO;
				ASSETCATALOG_COMPILER_GENERATE_SWIFT_ASSET_SYMBOL_EXTENSIONS = YES;
				CLANG_ANALYZER_NONNULL = YES;
				CLANG_ANALYZER_NUMBER_OBJECT_CONVERSION = YES_AGGRESSIVE;
				CLANG_CXX_LANGUAGE_STANDARD = "gnu++20";
				CLANG_ENABLE_MODULES = YES;
				CLANG_ENABLE_OBJC_ARC = YES;
				CLANG_ENABLE_OBJC_WEAK = YES;
				CLANG_WARN_BLOCK_CAPTURE_AUTORELEASING = YES;
				CLANG_WARN_BOOL_CONVERSION = YES;
				CLANG_WARN_COMMA = YES;
				CLANG_WARN_CONSTANT_CONVERSION = YES;
				CLANG_WARN_DEPRECATED_OBJC_IMPLEMENTATIONS = YES;
				CLANG_WARN_DIRECT_OBJC_ISA_USAGE = YES_ERROR;
				CLANG_WARN_DOCUMENTATION_COMMENTS = YES;
				CLANG_WARN_EMPTY_BODY = YES;
				CLANG_WARN_ENUM_CONVERSION = YES;
				CLANG_WARN_INFINITE_RECURSION = YES;
				CLANG_WARN_INT_CONVERSION = YES;
				CLANG_WARN_NON_LITERAL_NULL_CONVERSION = YES;
				CLANG_WARN_OBJC_IMPLICIT_RETAIN_SELF = YES;
				CLANG_WARN_OBJC_LITERAL_CONVERSION = YES;
				CLANG_WARN_OBJC_ROOT_CLASS = YES_ERROR;
				CLANG_WARN_QUOTED_INCLUDE_IN_FRAMEWORK_HEADER = YES;
				CLANG_WARN_RANGE_LOOP_ANALYSIS = YES;
				CLANG_WARN_STRICT_PROTOTYPES = YES;
				CLANG_WARN_SUSPICIOUS_MOVE = YES;
				CLANG_WARN_UNGUARDED_AVAILABILITY = YES_AGGRESSIVE;
				CLANG_WARN_UNREACHABLE_CODE = YES;
				CLANG_WARN__DUPLICATE_METHOD_MATCH = YES;
				COPY_PHASE_STRIP = NO;
				DEBUG_INFORMATION_FORMAT = "dwarf-with-dsym";
				ENABLE_NS_ASSERTIONS = NO;
				ENABLE_STRICT_OBJC_MSGSEND = YES;
				ENABLE_USER_SCRIPT_SANDBOXING = YES;
				GCC_C_LANGUAGE_STANDARD = gnu17;
				GCC_NO_COMMON_BLOCKS = YES;
				GCC_WARN_64_TO_32_BIT_CONVERSION = YES;
				GCC_WARN_ABOUT_RETURN_TYPE = YES_ERROR;
				GCC_WARN_UNDECLARED_SELECTOR = YES;
				GCC_WARN_UNINITIALIZED_AUTOS = YES_AGGRESSIVE;
				GCC_WARN_UNUSED_FUNCTION = YES;
				GCC_WARN_UNUSED_VARIABLE = YES;
				IPHONEOS_DEPLOYMENT_TARGET = 17.4;
				LOCALIZATION_PREFERS_STRING_CATALOGS = YES;
				MTL_ENABLE_DEBUG_INFO = NO;
				MTL_FAST_MATH = YES;
				SDKROOT = iphoneos;
				SWIFT_COMPILATION_MODE = wholemodule;
				VALIDATE_PRODUCT = YES;
			};
			name = Release;
		};
		122560272C150D71007D72A6 /* Debug */ = {
			isa = XCBuildConfiguration;
			buildSettings = {
				ASSETCATALOG_COMPILER_APPICON_NAME = AppIcon;
				ASSETCATALOG_COMPILER_GLOBAL_ACCENT_COLOR_NAME = AccentColor;
				CODE_SIGN_STYLE = Automatic;
				CURRENT_PROJECT_VERSION = 1;
				DEVELOPMENT_ASSET_PATHS = "\"Taskly/Preview Content\"";
				DEVELOPMENT_TEAM = 2Z82NMX6WM;
				ENABLE_PREVIEWS = YES;
				GENERATE_INFOPLIST_FILE = YES;
				INFOPLIST_KEY_UIApplicationSceneManifest_Generation = YES;
				INFOPLIST_KEY_UIApplicationSupportsIndirectInputEvents = YES;
				INFOPLIST_KEY_UILaunchScreen_Generation = YES;
				INFOPLIST_KEY_UISupportedInterfaceOrientations = UIInterfaceOrientationPortrait;
				INFOPLIST_KEY_UISupportedInterfaceOrientations_iPad = "UIInterfaceOrientationLandscapeLeft UIInterfaceOrientationLandscapeRight UIInterfaceOrientationPortrait UIInterfaceOrientationPortraitUpsideDown";
				LD_RUNPATH_SEARCH_PATHS = (
					"$(inherited)",
					"@executable_path/Frameworks",
				);
				MARKETING_VERSION = 1.0;
				PRODUCT_BUNDLE_IDENTIFIER = com.DavidLourenco.Taskly;
				PRODUCT_NAME = "$(TARGET_NAME)";
				SWIFT_EMIT_LOC_STRINGS = YES;
				SWIFT_VERSION = 5.0;
				TARGETED_DEVICE_FAMILY = "1,2";
			};
			name = Debug;
		};
		122560282C150D71007D72A6 /* Release */ = {
			isa = XCBuildConfiguration;
			buildSettings = {
				ASSETCATALOG_COMPILER_APPICON_NAME = AppIcon;
				ASSETCATALOG_COMPILER_GLOBAL_ACCENT_COLOR_NAME = AccentColor;
				CODE_SIGN_STYLE = Automatic;
				CURRENT_PROJECT_VERSION = 1;
				DEVELOPMENT_ASSET_PATHS = "\"Taskly/Preview Content\"";
				DEVELOPMENT_TEAM = 2Z82NMX6WM;
				ENABLE_PREVIEWS = YES;
				GENERATE_INFOPLIST_FILE = YES;
				INFOPLIST_KEY_UIApplicationSceneManifest_Generation = YES;
				INFOPLIST_KEY_UIApplicationSupportsIndirectInputEvents = YES;
				INFOPLIST_KEY_UILaunchScreen_Generation = YES;
				INFOPLIST_KEY_UISupportedInterfaceOrientations = UIInterfaceOrientationPortrait;
				INFOPLIST_KEY_UISupportedInterfaceOrientations_iPad = "UIInterfaceOrientationLandscapeLeft UIInterfaceOrientationLandscapeRight UIInterfaceOrientationPortrait UIInterfaceOrientationPortraitUpsideDown";
				LD_RUNPATH_SEARCH_PATHS = (
					"$(inherited)",
					"@executable_path/Frameworks",
				);
				MARKETING_VERSION = 1.0;
				PRODUCT_BUNDLE_IDENTIFIER = com.DavidLourenco.Taskly;
				PRODUCT_NAME = "$(TARGET_NAME)";
				SWIFT_EMIT_LOC_STRINGS = YES;
				SWIFT_VERSION = 5.0;
				TARGETED_DEVICE_FAMILY = "1,2";
			};
			name = Release;
		};
/* End XCBuildConfiguration section */

/* Begin XCConfigurationList section */
		122560132C150D70007D72A6 /* Build configuration list for PBXProject "Taskly" */ = {
			isa = XCConfigurationList;
			buildConfigurations = (
				122560242C150D71007D72A6 /* Debug */,
				122560252C150D71007D72A6 /* Release */,
			);
			defaultConfigurationIsVisible = 0;
			defaultConfigurationName = Release;
		};
		122560262C150D71007D72A6 /* Build configuration list for PBXNativeTarget "Taskly" */ = {
			isa = XCConfigurationList;
			buildConfigurations = (
				122560272C150D71007D72A6 /* Debug */,
				122560282C150D71007D72A6 /* Release */,
			);
			defaultConfigurationIsVisible = 0;
			defaultConfigurationName = Release;
		};
/* End XCConfigurationList section */

/* Begin XCVersionGroup section */
		1225604E2C18DEF4007D72A6 /* TasklyTasksModel.xcdatamodeld */ = {
			isa = XCVersionGroup;
			children = (
				1225604F2C18DEF4007D72A6 /* TasklyTasksModel.xcdatamodel */,
			);
			currentVersion = 1225604F2C18DEF4007D72A6 /* TasklyTasksModel.xcdatamodel */;
			path = TasklyTasksModel.xcdatamodeld;
			sourceTree = "<group>";
			versionGroupType = wrapper.xcdatamodel;
		};
/* End XCVersionGroup section */
	};
	rootObject = 122560102C150D70007D72A6 /* Project object */;
}
